
Microsoft Visual Studio Solution File, Format Version 12.00
# Visual Studio Version 16
VisualStudioVersion = 16.0.29411.108
MinimumVisualStudioVersion = 10.0.40219.1
Project("{FAE04EC0-301F-11D3-BF4B-00C04F79EFBC}") = "User_withDB", "User_withDB\User_withDB.csproj", "{5E2F78FA-AE72-4E22-923C-58E80CCB0D09}"
EndProject
Global
	GlobalSection(SolutionConfigurationPlatforms) = preSolution
		Debug|Any CPU = Debug|Any CPU
		Release|Any CPU = Release|Any CPU
	EndGlobalSection
	GlobalSection(ProjectConfigurationPlatforms) = postSolution
		{5E2F78FA-AE72-4E22-923C-58E80CCB0D09}.Debug|Any CPU.ActiveCfg = Debug|Any CPU
		{5E2F78FA-AE72-4E22-923C-58E80CCB0D09}.Debug|Any CPU.Build.0 = Debug|Any CPU
		{5E2F78FA-AE72-4E22-923C-58E80CCB0D09}.Release|Any CPU.ActiveCfg = Release|Any CPU
		{5E2F78FA-AE72-4E22-923C-58E80CCB0D09}.Release|Any CPU.Build.0 = Release|Any CPU
	EndGlobalSection
	GlobalSection(SolutionProperties) = preSolution
		HideSolutionNode = FALSE
	EndGlobalSection
	GlobalSection(ExtensibilityGlobals) = postSolution
		SolutionGuid = {167B0DBB-78A0-48C2-8A28-6EF959BCDAF6}
	EndGlobalSection
EndGlobal
