
Microsoft Visual Studio Solution File, Format Version 12.00
# Visual Studio Version 16
VisualStudioVersion = 16.0.29503.13
MinimumVisualStudioVersion = 10.0.40219.1
Project("{FAE04EC0-301F-11D3-BF4B-00C04F79EFBC}") = "Standups2", "Standups2\Standups2.csproj", "{73BBB5D2-1605-47AD-BF01-09DD87090AE9}"
EndProject
Global
	GlobalSection(SolutionConfigurationPlatforms) = preSolution
		Debug|Any CPU = Debug|Any CPU
		Release|Any CPU = Release|Any CPU
	EndGlobalSection
	GlobalSection(ProjectConfigurationPlatforms) = postSolution
		{73BBB5D2-1605-47AD-BF01-09DD87090AE9}.Debug|Any CPU.ActiveCfg = Debug|Any CPU
		{73BBB5D2-1605-47AD-BF01-09DD87090AE9}.Debug|Any CPU.Build.0 = Debug|Any CPU
		{73BBB5D2-1605-47AD-BF01-09DD87090AE9}.Release|Any CPU.ActiveCfg = Release|Any CPU
		{73BBB5D2-1605-47AD-BF01-09DD87090AE9}.Release|Any CPU.Build.0 = Release|Any CPU
	EndGlobalSection
	GlobalSection(SolutionProperties) = preSolution
		HideSolutionNode = FALSE
	EndGlobalSection
	GlobalSection(ExtensibilityGlobals) = postSolution
		SolutionGuid = {C4EFCFD7-DDE3-4F34-8CF0-C46C9727C43A}
	EndGlobalSection
EndGlobal
