
Microsoft Visual Studio Solution File, Format Version 12.00
# Visual Studio Version 16
VisualStudioVersion = 16.0.29411.108
MinimumVisualStudioVersion = 10.0.40219.1
Project("{FAE04EC0-301F-11D3-BF4B-00C04F79EFBC}") = "User_withDB_2", "User_withDB_2\User_withDB_2.csproj", "{DEEF302A-56C8-4FA5-8C77-07D4A1C6B20C}"
EndProject
Global
	GlobalSection(SolutionConfigurationPlatforms) = preSolution
		Debug|Any CPU = Debug|Any CPU
		Release|Any CPU = Release|Any CPU
	EndGlobalSection
	GlobalSection(ProjectConfigurationPlatforms) = postSolution
		{DEEF302A-56C8-4FA5-8C77-07D4A1C6B20C}.Debug|Any CPU.ActiveCfg = Debug|Any CPU
		{DEEF302A-56C8-4FA5-8C77-07D4A1C6B20C}.Debug|Any CPU.Build.0 = Debug|Any CPU
		{DEEF302A-56C8-4FA5-8C77-07D4A1C6B20C}.Release|Any CPU.ActiveCfg = Release|Any CPU
		{DEEF302A-56C8-4FA5-8C77-07D4A1C6B20C}.Release|Any CPU.Build.0 = Release|Any CPU
	EndGlobalSection
	GlobalSection(SolutionProperties) = preSolution
		HideSolutionNode = FALSE
	EndGlobalSection
	GlobalSection(ExtensibilityGlobals) = postSolution
		SolutionGuid = {F534A4F4-5CEA-43B3-99A5-4391F11AD929}
	EndGlobalSection
EndGlobal
