
Microsoft Visual Studio Solution File, Format Version 12.00
# Visual Studio Version 16
VisualStudioVersion = 16.0.29411.108
MinimumVisualStudioVersion = 10.0.40219.1
Project("{FAE04EC0-301F-11D3-BF4B-00C04F79EFBC}") = "Example1", "Example1\Example1.csproj", "{4757E934-32EC-4F27-A6A3-7D7B5B3A678C}"
EndProject
Global
	GlobalSection(SolutionConfigurationPlatforms) = preSolution
		Debug|Any CPU = Debug|Any CPU
		Release|Any CPU = Release|Any CPU
	EndGlobalSection
	GlobalSection(ProjectConfigurationPlatforms) = postSolution
		{4757E934-32EC-4F27-A6A3-7D7B5B3A678C}.Debug|Any CPU.ActiveCfg = Debug|Any CPU
		{4757E934-32EC-4F27-A6A3-7D7B5B3A678C}.Debug|Any CPU.Build.0 = Debug|Any CPU
		{4757E934-32EC-4F27-A6A3-7D7B5B3A678C}.Release|Any CPU.ActiveCfg = Release|Any CPU
		{4757E934-32EC-4F27-A6A3-7D7B5B3A678C}.Release|Any CPU.Build.0 = Release|Any CPU
	EndGlobalSection
	GlobalSection(SolutionProperties) = preSolution
		HideSolutionNode = FALSE
	EndGlobalSection
	GlobalSection(ExtensibilityGlobals) = postSolution
		SolutionGuid = {524A2566-6A5E-4400-93BD-B3A601227801}
	EndGlobalSection
EndGlobal
